
Microsoft Visual Studio Solution File, Format Version 12.00
# Visual Studio Version 16
VisualStudioVersion = 16.0.29709.97
MinimumVisualStudioVersion = 10.0.40219.1
Project("{FAE04EC0-301F-11D3-BF4B-00C04F79EFBC}") = "BuyStockAdviser", "BuyStockAdviser.csproj", "{106902E5-9DCC-4387-A756-61ABCB6232F2}"
EndProject
Global
	GlobalSection(SolutionConfigurationPlatforms) = preSolution
		Debug|Any CPU = Debug|Any CPU
		Release|Any CPU = Release|Any CPU
	EndGlobalSection
	GlobalSection(ProjectConfigurationPlatforms) = postSolution
		{106902E5-9DCC-4387-A756-61ABCB6232F2}.Debug|Any CPU.ActiveCfg = Debug|Any CPU
		{106902E5-9DCC-4387-A756-61ABCB6232F2}.Debug|Any CPU.Build.0 = Debug|Any CPU
		{106902E5-9DCC-4387-A756-61ABCB6232F2}.Release|Any CPU.ActiveCfg = Release|Any CPU
		{106902E5-9DCC-4387-A756-61ABCB6232F2}.Release|Any CPU.Build.0 = Release|Any CPU
	EndGlobalSection
	GlobalSection(SolutionProperties) = preSolution
		HideSolutionNode = FALSE
	EndGlobalSection
	GlobalSection(ExtensibilityGlobals) = postSolution
		SolutionGuid = {0E43A8E1-E175-4E41-84ED-0AC97A560F20}
	EndGlobalSection
EndGlobal
